
Microsoft Visual Studio Solution File, Format Version 12.00
# Visual Studio Version 16
VisualStudioVersion = 16.0.30225.117
MinimumVisualStudioVersion = 10.0.40219.1
Project("{9A19103F-16F7-4668-BE54-9A1E7A4F7556}") = "SampleFeaturesApi", "SampleFeaturesApi\SampleFeaturesApi.csproj", "{02B3E62E-28F2-459B-B001-875AB6C3BA55}"
EndProject
Global
	GlobalSection(SolutionConfigurationPlatforms) = preSolution
		Debug|Any CPU = Debug|Any CPU
		Release|Any CPU = Release|Any CPU
	EndGlobalSection
	GlobalSection(ProjectConfigurationPlatforms) = postSolution
		{02B3E62E-28F2-459B-B001-875AB6C3BA55}.Debug|Any CPU.ActiveCfg = Debug|Any CPU
		{02B3E62E-28F2-459B-B001-875AB6C3BA55}.Debug|Any CPU.Build.0 = Debug|Any CPU
		{02B3E62E-28F2-459B-B001-875AB6C3BA55}.Release|Any CPU.ActiveCfg = Release|Any CPU
		{02B3E62E-28F2-459B-B001-875AB6C3BA55}.Release|Any CPU.Build.0 = Release|Any CPU
	EndGlobalSection
	GlobalSection(SolutionProperties) = preSolution
		HideSolutionNode = FALSE
	EndGlobalSection
	GlobalSection(ExtensibilityGlobals) = postSolution
		SolutionGuid = {BF4D218B-4073-4917-98DD-8E7A8892A19C}
	EndGlobalSection
EndGlobal
